
Microsoft Visual Studio Solution File, Format Version 12.00
# Visual Studio Version 16
VisualStudioVersion = 16.6.30114.105
MinimumVisualStudioVersion = 10.0.40219.1
Project("{FAE04EC0-301F-11D3-BF4B-00C04F79EFBC}") = "CoreApi", "CoreApi\CoreApi.csproj", "{9A94A760-330F-4985-84B4-96C22F1901BB}"
EndProject
Project("{FAE04EC0-301F-11D3-BF4B-00C04F79EFBC}") = "MvcClient", "MvcClient\MvcClient.csproj", "{0F582CC4-988A-4A5F-89EA-6E247C6410BF}"
EndProject
Global
	GlobalSection(SolutionConfigurationPlatforms) = preSolution
		Debug|Any CPU = Debug|Any CPU
		Debug|x64 = Debug|x64
		Debug|x86 = Debug|x86
		Release|Any CPU = Release|Any CPU
		Release|x64 = Release|x64
		Release|x86 = Release|x86
	EndGlobalSection
	GlobalSection(SolutionProperties) = preSolution
		HideSolutionNode = FALSE
	EndGlobalSection
	GlobalSection(ProjectConfigurationPlatforms) = postSolution
		{9A94A760-330F-4985-84B4-96C22F1901BB}.Debug|Any CPU.ActiveCfg = Debug|Any CPU
		{9A94A760-330F-4985-84B4-96C22F1901BB}.Debug|Any CPU.Build.0 = Debug|Any CPU
		{9A94A760-330F-4985-84B4-96C22F1901BB}.Debug|x64.ActiveCfg = Debug|Any CPU
		{9A94A760-330F-4985-84B4-96C22F1901BB}.Debug|x64.Build.0 = Debug|Any CPU
		{9A94A760-330F-4985-84B4-96C22F1901BB}.Debug|x86.ActiveCfg = Debug|Any CPU
		{9A94A760-330F-4985-84B4-96C22F1901BB}.Debug|x86.Build.0 = Debug|Any CPU
		{9A94A760-330F-4985-84B4-96C22F1901BB}.Release|Any CPU.ActiveCfg = Release|Any CPU
		{9A94A760-330F-4985-84B4-96C22F1901BB}.Release|Any CPU.Build.0 = Release|Any CPU
		{9A94A760-330F-4985-84B4-96C22F1901BB}.Release|x64.ActiveCfg = Release|Any CPU
		{9A94A760-330F-4985-84B4-96C22F1901BB}.Release|x64.Build.0 = Release|Any CPU
		{9A94A760-330F-4985-84B4-96C22F1901BB}.Release|x86.ActiveCfg = Release|Any CPU
		{9A94A760-330F-4985-84B4-96C22F1901BB}.Release|x86.Build.0 = Release|Any CPU
		{0F582CC4-988A-4A5F-89EA-6E247C6410BF}.Debug|Any CPU.ActiveCfg = Debug|Any CPU
		{0F582CC4-988A-4A5F-89EA-6E247C6410BF}.Debug|Any CPU.Build.0 = Debug|Any CPU
		{0F582CC4-988A-4A5F-89EA-6E247C6410BF}.Debug|x64.ActiveCfg = Debug|Any CPU
		{0F582CC4-988A-4A5F-89EA-6E247C6410BF}.Debug|x64.Build.0 = Debug|Any CPU
		{0F582CC4-988A-4A5F-89EA-6E247C6410BF}.Debug|x86.ActiveCfg = Debug|Any CPU
		{0F582CC4-988A-4A5F-89EA-6E247C6410BF}.Debug|x86.Build.0 = Debug|Any CPU
		{0F582CC4-988A-4A5F-89EA-6E247C6410BF}.Release|Any CPU.ActiveCfg = Release|Any CPU
		{0F582CC4-988A-4A5F-89EA-6E247C6410BF}.Release|Any CPU.Build.0 = Release|Any CPU
		{0F582CC4-988A-4A5F-89EA-6E247C6410BF}.Release|x64.ActiveCfg = Release|Any CPU
		{0F582CC4-988A-4A5F-89EA-6E247C6410BF}.Release|x64.Build.0 = Release|Any CPU
		{0F582CC4-988A-4A5F-89EA-6E247C6410BF}.Release|x86.ActiveCfg = Release|Any CPU
		{0F582CC4-988A-4A5F-89EA-6E247C6410BF}.Release|x86.Build.0 = Release|Any CPU
	EndGlobalSection
EndGlobal
